
Microsoft Visual Studio Solution File, Format Version 12.00
# Visual Studio 15
VisualStudioVersion = 15.0.27130.2027
MinimumVisualStudioVersion = 10.0.40219.1
Project("{FAE04EC0-301F-11D3-BF4B-00C04F79EFBC}") = "IMCPayment431", "IMCPayment431.csproj", "{D7581528-1EA0-43C7-A63E-38A6D460B564}"
EndProject
Global
	GlobalSection(SolutionConfigurationPlatforms) = preSolution
		Debug|Any CPU = Debug|Any CPU
		Release|Any CPU = Release|Any CPU
	EndGlobalSection
	GlobalSection(ProjectConfigurationPlatforms) = postSolution
		{D7581528-1EA0-43C7-A63E-38A6D460B564}.Debug|Any CPU.ActiveCfg = Debug|Any CPU
		{D7581528-1EA0-43C7-A63E-38A6D460B564}.Debug|Any CPU.Build.0 = Debug|Any CPU
		{D7581528-1EA0-43C7-A63E-38A6D460B564}.Release|Any CPU.ActiveCfg = Release|Any CPU
		{D7581528-1EA0-43C7-A63E-38A6D460B564}.Release|Any CPU.Build.0 = Release|Any CPU
	EndGlobalSection
	GlobalSection(SolutionProperties) = preSolution
		HideSolutionNode = FALSE
	EndGlobalSection
	GlobalSection(ExtensibilityGlobals) = postSolution
		SolutionGuid = {BAC0686B-E8EC-449F-B4A1-887C4447DA41}
	EndGlobalSection
EndGlobal
